
Microsoft Visual Studio Solution File, Format Version 12.00
# Visual Studio 15
VisualStudioVersion = 15.0.26124.0
MinimumVisualStudioVersion = 15.0.26124.0
Project("{FAE04EC0-301F-11D3-BF4B-00C04F79EFBC}") = "TravelTime", "TravelTime\TravelTime.csproj", "{FC75FCB1-9950-45A8-B60B-D96D3AAC48D6}"
EndProject
Project("{FAE04EC0-301F-11D3-BF4B-00C04F79EFBC}") = "TravelTime.Tests", "TravelTime.Tests\TravelTime.Tests.csproj", "{E4DDA21F-5416-4091-8AAA-237C78BA4427}"
EndProject
Global
	GlobalSection(SolutionConfigurationPlatforms) = preSolution
		Debug|Any CPU = Debug|Any CPU
		Debug|x64 = Debug|x64
		Debug|x86 = Debug|x86
		Release|Any CPU = Release|Any CPU
		Release|x64 = Release|x64
		Release|x86 = Release|x86
	EndGlobalSection
	GlobalSection(SolutionProperties) = preSolution
		HideSolutionNode = FALSE
	EndGlobalSection
	GlobalSection(ProjectConfigurationPlatforms) = postSolution
		{FC75FCB1-9950-45A8-B60B-D96D3AAC48D6}.Debug|Any CPU.ActiveCfg = Debug|Any CPU
		{FC75FCB1-9950-45A8-B60B-D96D3AAC48D6}.Debug|Any CPU.Build.0 = Debug|Any CPU
		{FC75FCB1-9950-45A8-B60B-D96D3AAC48D6}.Debug|x64.ActiveCfg = Debug|Any CPU
		{FC75FCB1-9950-45A8-B60B-D96D3AAC48D6}.Debug|x64.Build.0 = Debug|Any CPU
		{FC75FCB1-9950-45A8-B60B-D96D3AAC48D6}.Debug|x86.ActiveCfg = Debug|Any CPU
		{FC75FCB1-9950-45A8-B60B-D96D3AAC48D6}.Debug|x86.Build.0 = Debug|Any CPU
		{FC75FCB1-9950-45A8-B60B-D96D3AAC48D6}.Release|Any CPU.ActiveCfg = Release|Any CPU
		{FC75FCB1-9950-45A8-B60B-D96D3AAC48D6}.Release|Any CPU.Build.0 = Release|Any CPU
		{FC75FCB1-9950-45A8-B60B-D96D3AAC48D6}.Release|x64.ActiveCfg = Release|Any CPU
		{FC75FCB1-9950-45A8-B60B-D96D3AAC48D6}.Release|x64.Build.0 = Release|Any CPU
		{FC75FCB1-9950-45A8-B60B-D96D3AAC48D6}.Release|x86.ActiveCfg = Release|Any CPU
		{FC75FCB1-9950-45A8-B60B-D96D3AAC48D6}.Release|x86.Build.0 = Release|Any CPU
		{E4DDA21F-5416-4091-8AAA-237C78BA4427}.Debug|Any CPU.ActiveCfg = Debug|Any CPU
		{E4DDA21F-5416-4091-8AAA-237C78BA4427}.Debug|Any CPU.Build.0 = Debug|Any CPU
		{E4DDA21F-5416-4091-8AAA-237C78BA4427}.Debug|x64.ActiveCfg = Debug|Any CPU
		{E4DDA21F-5416-4091-8AAA-237C78BA4427}.Debug|x64.Build.0 = Debug|Any CPU
		{E4DDA21F-5416-4091-8AAA-237C78BA4427}.Debug|x86.ActiveCfg = Debug|Any CPU
		{E4DDA21F-5416-4091-8AAA-237C78BA4427}.Debug|x86.Build.0 = Debug|Any CPU
		{E4DDA21F-5416-4091-8AAA-237C78BA4427}.Release|Any CPU.ActiveCfg = Release|Any CPU
		{E4DDA21F-5416-4091-8AAA-237C78BA4427}.Release|Any CPU.Build.0 = Release|Any CPU
		{E4DDA21F-5416-4091-8AAA-237C78BA4427}.Release|x64.ActiveCfg = Release|Any CPU
		{E4DDA21F-5416-4091-8AAA-237C78BA4427}.Release|x64.Build.0 = Release|Any CPU
		{E4DDA21F-5416-4091-8AAA-237C78BA4427}.Release|x86.ActiveCfg = Release|Any CPU
		{E4DDA21F-5416-4091-8AAA-237C78BA4427}.Release|x86.Build.0 = Release|Any CPU
	EndGlobalSection
EndGlobal
